
Microsoft Visual Studio Solution File, Format Version 12.00
# Visual Studio Version 16
VisualStudioVersion = 16.0.29911.84
MinimumVisualStudioVersion = 10.0.40219.1
Project("{FAE04EC0-301F-11D3-BF4B-00C04F79EFBC}") = "ShadowsSample.Android", "ShadowsSample.Android\ShadowsSample.Android.csproj", "{2C7C286C-5A73-417F-A49B-24A1E447111C}"
EndProject
Project("{FAE04EC0-301F-11D3-BF4B-00C04F79EFBC}") = "ShadowsSample.iOS", "ShadowsSample.iOS\ShadowsSample.iOS.csproj", "{480E2C62-C51B-4031-A73B-E4A0F746F972}"
EndProject
Project("{9A19103F-16F7-4668-BE54-9A1E7A4F7556}") = "ShadowsSample", "ShadowsSample\ShadowsSample.csproj", "{4A4B357C-63C2-4572-B25F-0CE9391B6766}"
EndProject
Project("{FAE04EC0-301F-11D3-BF4B-00C04F79EFBC}") = "ShadowsSample.UWP", "ShadowsSample.UWP\ShadowsSample.UWP.csproj", "{3D3B737E-06E6-4A77-8A3B-789837CE2D11}"
EndProject
Project("{2150E333-8FDC-42A3-9474-1A3956D46DE8}") = "Shadows", "Shadows", "{F9BDFA11-B51F-4518-867D-5546CF600FB5}"
EndProject
Project("{9A19103F-16F7-4668-BE54-9A1E7A4F7556}") = "Shadows", "..\Shadows\Shadows\Shadows.csproj", "{793936A7-04DD-4C8F-A8C1-524CF432C905}"
EndProject
Project("{FAE04EC0-301F-11D3-BF4B-00C04F79EFBC}") = "Shadows.Droid", "..\Shadows\Shadows.Droid\Shadows.Droid.csproj", "{8E7D6AB7-BE12-4C49-A8DC-71E8821CA7C0}"
EndProject
Project("{FAE04EC0-301F-11D3-BF4B-00C04F79EFBC}") = "Shadows.iOS", "..\Shadows\Shadows.iOS\Shadows.iOS.csproj", "{794C7268-3BCA-483B-9ADB-E7D8E5DCDE89}"
EndProject
Project("{FAE04EC0-301F-11D3-BF4B-00C04F79EFBC}") = "Shadows.UWP", "..\Shadows\Shadows.UWP\Shadows.UWP.csproj", "{29D88300-91B0-4EAD-AA6F-5B7D13E375F6}"
EndProject
Project("{2150E333-8FDC-42A3-9474-1A3956D46DE8}") = "Nuget", "Nuget", "{3D7E0A15-5790-4E6E-A16D-63A2A7A54F6C}"
	ProjectSection(SolutionItems) = preProject
		..\Shadows\AssemblyInfo.targets = ..\Shadows\AssemblyInfo.targets
		..\make-package.ps1 = ..\make-package.ps1
		..\README.md = ..\README.md
		..\Sharpnado.Shadows.nuspec = ..\Sharpnado.Shadows.nuspec
	EndProjectSection
EndProject
Project("{9A19103F-16F7-4668-BE54-9A1E7A4F7556}") = "Shadows.Tizen", "..\Shadows\Shadows.Tizen\Shadows.Tizen.csproj", "{30B95BF4-46F9-4D2A-A7C1-07EEFF85A9D5}"
EndProject
Project("{9A19103F-16F7-4668-BE54-9A1E7A4F7556}") = "ShadowsSample.Tizen", "ShadowsSample.Tizen\ShadowsSample.Tizen.csproj", "{D36CD9AC-B494-4147-8CD7-9FB21B752DB9}"
EndProject
Global
	GlobalSection(SolutionConfigurationPlatforms) = preSolution
		Debug|Any CPU = Debug|Any CPU
		Debug|ARM = Debug|ARM
		Debug|ARM64 = Debug|ARM64
		Debug|iPhone = Debug|iPhone
		Debug|iPhoneSimulator = Debug|iPhoneSimulator
		Debug|x64 = Debug|x64
		Debug|x86 = Debug|x86
		Release|Any CPU = Release|Any CPU
		Release|ARM = Release|ARM
		Release|ARM64 = Release|ARM64
		Release|iPhone = Release|iPhone
		Release|iPhoneSimulator = Release|iPhoneSimulator
		Release|x64 = Release|x64
		Release|x86 = Release|x86
		ReleaseAndroid9.0|Any CPU = ReleaseAndroid9.0|Any CPU
		ReleaseAndroid9.0|ARM = ReleaseAndroid9.0|ARM
		ReleaseAndroid9.0|ARM64 = ReleaseAndroid9.0|ARM64
		ReleaseAndroid9.0|iPhone = ReleaseAndroid9.0|iPhone
		ReleaseAndroid9.0|iPhoneSimulator = ReleaseAndroid9.0|iPhoneSimulator
		ReleaseAndroid9.0|x64 = ReleaseAndroid9.0|x64
		ReleaseAndroid9.0|x86 = ReleaseAndroid9.0|x86
	EndGlobalSection
	GlobalSection(ProjectConfigurationPlatforms) = postSolution
		{2C7C286C-5A73-417F-A49B-24A1E447111C}.Debug|Any CPU.ActiveCfg = Debug|Any CPU
		{2C7C286C-5A73-417F-A49B-24A1E447111C}.Debug|Any CPU.Build.0 = Debug|Any CPU
		{2C7C286C-5A73-417F-A49B-24A1E447111C}.Debug|Any CPU.Deploy.0 = Debug|Any CPU
		{2C7C286C-5A73-417F-A49B-24A1E447111C}.Debug|ARM.ActiveCfg = Debug|Any CPU
		{2C7C286C-5A73-417F-A49B-24A1E447111C}.Debug|ARM.Build.0 = Debug|Any CPU
		{2C7C286C-5A73-417F-A49B-24A1E447111C}.Debug|ARM.Deploy.0 = Debug|Any CPU
		{2C7C286C-5A73-417F-A49B-24A1E447111C}.Debug|ARM64.ActiveCfg = Debug|Any CPU
		{2C7C286C-5A73-417F-A49B-24A1E447111C}.Debug|ARM64.Build.0 = Debug|Any CPU
		{2C7C286C-5A73-417F-A49B-24A1E447111C}.Debug|ARM64.Deploy.0 = Debug|Any CPU
		{2C7C286C-5A73-417F-A49B-24A1E447111C}.Debug|iPhone.ActiveCfg = Debug|Any CPU
		{2C7C286C-5A73-417F-A49B-24A1E447111C}.Debug|iPhone.Build.0 = Debug|Any CPU
		{2C7C286C-5A73-417F-A49B-24A1E447111C}.Debug|iPhone.Deploy.0 = Debug|Any CPU
		{2C7C286C-5A73-417F-A49B-24A1E447111C}.Debug|iPhoneSimulator.ActiveCfg = Debug|Any CPU
		{2C7C286C-5A73-417F-A49B-24A1E447111C}.Debug|iPhoneSimulator.Build.0 = Debug|Any CPU
		{2C7C286C-5A73-417F-A49B-24A1E447111C}.Debug|iPhoneSimulator.Deploy.0 = Debug|Any CPU
		{2C7C286C-5A73-417F-A49B-24A1E447111C}.Debug|x64.ActiveCfg = Debug|Any CPU
		{2C7C286C-5A73-417F-A49B-24A1E447111C}.Debug|x64.Build.0 = Debug|Any CPU
		{2C7C286C-5A73-417F-A49B-24A1E447111C}.Debug|x64.Deploy.0 = Debug|Any CPU
		{2C7C286C-5A73-417F-A49B-24A1E447111C}.Debug|x86.ActiveCfg = Debug|Any CPU
		{2C7C286C-5A73-417F-A49B-24A1E447111C}.Debug|x86.Build.0 = Debug|Any CPU
		{2C7C286C-5A73-417F-A49B-24A1E447111C}.Debug|x86.Deploy.0 = Debug|Any CPU
		{2C7C286C-5A73-417F-A49B-24A1E447111C}.Release|Any CPU.ActiveCfg = Release|Any CPU
		{2C7C286C-5A73-417F-A49B-24A1E447111C}.Release|Any CPU.Build.0 = Release|Any CPU
		{2C7C286C-5A73-417F-A49B-24A1E447111C}.Release|Any CPU.Deploy.0 = Release|Any CPU
		{2C7C286C-5A73-417F-A49B-24A1E447111C}.Release|ARM.ActiveCfg = Release|Any CPU
		{2C7C286C-5A73-417F-A49B-24A1E447111C}.Release|ARM.Build.0 = Release|Any CPU
		{2C7C286C-5A73-417F-A49B-24A1E447111C}.Release|ARM.Deploy.0 = Release|Any CPU
		{2C7C286C-5A73-417F-A49B-24A1E447111C}.Release|ARM64.ActiveCfg = Release|Any CPU
		{2C7C286C-5A73-417F-A49B-24A1E447111C}.Release|ARM64.Build.0 = Release|Any CPU
		{2C7C286C-5A73-417F-A49B-24A1E447111C}.Release|ARM64.Deploy.0 = Release|Any CPU
		{2C7C286C-5A73-417F-A49B-24A1E447111C}.Release|iPhone.ActiveCfg = Release|Any CPU
		{2C7C286C-5A73-417F-A49B-24A1E447111C}.Release|iPhone.Build.0 = Release|Any CPU
		{2C7C286C-5A73-417F-A49B-24A1E447111C}.Release|iPhone.Deploy.0 = Release|Any CPU
		{2C7C286C-5A73-417F-A49B-24A1E447111C}.Release|iPhoneSimulator.ActiveCfg = Release|Any CPU
		{2C7C286C-5A73-417F-A49B-24A1E447111C}.Release|iPhoneSimulator.Build.0 = Release|Any CPU
		{2C7C286C-5A73-417F-A49B-24A1E447111C}.Release|iPhoneSimulator.Deploy.0 = Release|Any CPU
		{2C7C286C-5A73-417F-A49B-24A1E447111C}.Release|x64.ActiveCfg = Release|Any CPU
		{2C7C286C-5A73-417F-A49B-24A1E447111C}.Release|x64.Build.0 = Release|Any CPU
		{2C7C286C-5A73-417F-A49B-24A1E447111C}.Release|x64.Deploy.0 = Release|Any CPU
		{2C7C286C-5A73-417F-A49B-24A1E447111C}.Release|x86.ActiveCfg = Release|Any CPU
		{2C7C286C-5A73-417F-A49B-24A1E447111C}.Release|x86.Build.0 = Release|Any CPU
		{2C7C286C-5A73-417F-A49B-24A1E447111C}.Release|x86.Deploy.0 = Release|Any CPU
		{2C7C286C-5A73-417F-A49B-24A1E447111C}.ReleaseAndroid9.0|Any CPU.ActiveCfg = Release|Any CPU
		{2C7C286C-5A73-417F-A49B-24A1E447111C}.ReleaseAndroid9.0|Any CPU.Build.0 = Release|Any CPU
		{2C7C286C-5A73-417F-A49B-24A1E447111C}.ReleaseAndroid9.0|Any CPU.Deploy.0 = Release|Any CPU
		{2C7C286C-5A73-417F-A49B-24A1E447111C}.ReleaseAndroid9.0|ARM.ActiveCfg = Release|Any CPU
		{2C7C286C-5A73-417F-A49B-24A1E447111C}.ReleaseAndroid9.0|ARM.Build.0 = Release|Any CPU
		{2C7C286C-5A73-417F-A49B-24A1E447111C}.ReleaseAndroid9.0|ARM.Deploy.0 = Release|Any CPU
		{2C7C286C-5A73-417F-A49B-24A1E447111C}.ReleaseAndroid9.0|ARM64.ActiveCfg = Release|Any CPU
		{2C7C286C-5A73-417F-A49B-24A1E447111C}.ReleaseAndroid9.0|ARM64.Build.0 = Release|Any CPU
		{2C7C286C-5A73-417F-A49B-24A1E447111C}.ReleaseAndroid9.0|ARM64.Deploy.0 = Release|Any CPU
		{2C7C286C-5A73-417F-A49B-24A1E447111C}.ReleaseAndroid9.0|iPhone.ActiveCfg = Release|Any CPU
		{2C7C286C-5A73-417F-A49B-24A1E447111C}.ReleaseAndroid9.0|iPhone.Build.0 = Release|Any CPU
		{2C7C286C-5A73-417F-A49B-24A1E447111C}.ReleaseAndroid9.0|iPhone.Deploy.0 = Release|Any CPU
		{2C7C286C-5A73-417F-A49B-24A1E447111C}.ReleaseAndroid9.0|iPhoneSimulator.ActiveCfg = Release|Any CPU
		{2C7C286C-5A73-417F-A49B-24A1E447111C}.ReleaseAndroid9.0|iPhoneSimulator.Build.0 = Release|Any CPU
		{2C7C286C-5A73-417F-A49B-24A1E447111C}.ReleaseAndroid9.0|iPhoneSimulator.Deploy.0 = Release|Any CPU
		{2C7C286C-5A73-417F-A49B-24A1E447111C}.ReleaseAndroid9.0|x64.ActiveCfg = Release|Any CPU
		{2C7C286C-5A73-417F-A49B-24A1E447111C}.ReleaseAndroid9.0|x64.Build.0 = Release|Any CPU
		{2C7C286C-5A73-417F-A49B-24A1E447111C}.ReleaseAndroid9.0|x64.Deploy.0 = Release|Any CPU
		{2C7C286C-5A73-417F-A49B-24A1E447111C}.ReleaseAndroid9.0|x86.ActiveCfg = Release|Any CPU
		{2C7C286C-5A73-417F-A49B-24A1E447111C}.ReleaseAndroid9.0|x86.Build.0 = Release|Any CPU
		{2C7C286C-5A73-417F-A49B-24A1E447111C}.ReleaseAndroid9.0|x86.Deploy.0 = Release|Any CPU
		{480E2C62-C51B-4031-A73B-E4A0F746F972}.Debug|Any CPU.ActiveCfg = Debug|iPhone
		{480E2C62-C51B-4031-A73B-E4A0F746F972}.Debug|Any CPU.Build.0 = Debug|iPhone
		{480E2C62-C51B-4031-A73B-E4A0F746F972}.Debug|Any CPU.Deploy.0 = Debug|iPhone
		{480E2C62-C51B-4031-A73B-E4A0F746F972}.Debug|ARM.ActiveCfg = Debug|iPhoneSimulator
		{480E2C62-C51B-4031-A73B-E4A0F746F972}.Debug|ARM64.ActiveCfg = Debug|iPhoneSimulator
		{480E2C62-C51B-4031-A73B-E4A0F746F972}.Debug|iPhone.ActiveCfg = Debug|iPhone
		{480E2C62-C51B-4031-A73B-E4A0F746F972}.Debug|iPhone.Build.0 = Debug|iPhone
		{480E2C62-C51B-4031-A73B-E4A0F746F972}.Debug|iPhone.Deploy.0 = Debug|iPhone
		{480E2C62-C51B-4031-A73B-E4A0F746F972}.Debug|iPhoneSimulator.ActiveCfg = Debug|iPhoneSimulator
		{480E2C62-C51B-4031-A73B-E4A0F746F972}.Debug|iPhoneSimulator.Build.0 = Debug|iPhoneSimulator
		{480E2C62-C51B-4031-A73B-E4A0F746F972}.Debug|iPhoneSimulator.Deploy.0 = Debug|iPhoneSimulator
		{480E2C62-C51B-4031-A73B-E4A0F746F972}.Debug|x64.ActiveCfg = Debug|iPhoneSimulator
		{480E2C62-C51B-4031-A73B-E4A0F746F972}.Debug|x86.ActiveCfg = Debug|iPhoneSimulator
		{480E2C62-C51B-4031-A73B-E4A0F746F972}.Release|Any CPU.ActiveCfg = Release|iPhone
		{480E2C62-C51B-4031-A73B-E4A0F746F972}.Release|Any CPU.Build.0 = Release|iPhone
		{480E2C62-C51B-4031-A73B-E4A0F746F972}.Release|Any CPU.Deploy.0 = Release|iPhone
		{480E2C62-C51B-4031-A73B-E4A0F746F972}.Release|ARM.ActiveCfg = Release|iPhoneSimulator
		{480E2C62-C51B-4031-A73B-E4A0F746F972}.Release|ARM64.ActiveCfg = Release|iPhoneSimulator
		{480E2C62-C51B-4031-A73B-E4A0F746F972}.Release|iPhone.ActiveCfg = Release|iPhone
		{480E2C62-C51B-4031-A73B-E4A0F746F972}.Release|iPhone.Build.0 = Release|iPhone
		{480E2C62-C51B-4031-A73B-E4A0F746F972}.Release|iPhone.Deploy.0 = Release|iPhone
		{480E2C62-C51B-4031-A73B-E4A0F746F972}.Release|iPhoneSimulator.ActiveCfg = Release|iPhoneSimulator
		{480E2C62-C51B-4031-A73B-E4A0F746F972}.Release|iPhoneSimulator.Build.0 = Release|iPhoneSimulator
		{480E2C62-C51B-4031-A73B-E4A0F746F972}.Release|iPhoneSimulator.Deploy.0 = Release|iPhoneSimulator
		{480E2C62-C51B-4031-A73B-E4A0F746F972}.Release|x64.ActiveCfg = Release|iPhoneSimulator
		{480E2C62-C51B-4031-A73B-E4A0F746F972}.Release|x86.ActiveCfg = Release|iPhoneSimulator
		{480E2C62-C51B-4031-A73B-E4A0F746F972}.ReleaseAndroid9.0|Any CPU.ActiveCfg = Release|iPhoneSimulator
		{480E2C62-C51B-4031-A73B-E4A0F746F972}.ReleaseAndroid9.0|Any CPU.Build.0 = Release|iPhoneSimulator
		{480E2C62-C51B-4031-A73B-E4A0F746F972}.ReleaseAndroid9.0|Any CPU.Deploy.0 = Release|iPhoneSimulator
		{480E2C62-C51B-4031-A73B-E4A0F746F972}.ReleaseAndroid9.0|ARM.ActiveCfg = Release|iPhoneSimulator
		{480E2C62-C51B-4031-A73B-E4A0F746F972}.ReleaseAndroid9.0|ARM.Build.0 = Release|iPhoneSimulator
		{480E2C62-C51B-4031-A73B-E4A0F746F972}.ReleaseAndroid9.0|ARM.Deploy.0 = Release|iPhoneSimulator
		{480E2C62-C51B-4031-A73B-E4A0F746F972}.ReleaseAndroid9.0|ARM64.ActiveCfg = Release|iPhoneSimulator
		{480E2C62-C51B-4031-A73B-E4A0F746F972}.ReleaseAndroid9.0|ARM64.Build.0 = Release|iPhoneSimulator
		{480E2C62-C51B-4031-A73B-E4A0F746F972}.ReleaseAndroid9.0|ARM64.Deploy.0 = Release|iPhoneSimulator
		{480E2C62-C51B-4031-A73B-E4A0F746F972}.ReleaseAndroid9.0|iPhone.ActiveCfg = Release|iPhone
		{480E2C62-C51B-4031-A73B-E4A0F746F972}.ReleaseAndroid9.0|iPhone.Build.0 = Release|iPhone
		{480E2C62-C51B-4031-A73B-E4A0F746F972}.ReleaseAndroid9.0|iPhone.Deploy.0 = Release|iPhone
		{480E2C62-C51B-4031-A73B-E4A0F746F972}.ReleaseAndroid9.0|iPhoneSimulator.ActiveCfg = Release|iPhoneSimulator
		{480E2C62-C51B-4031-A73B-E4A0F746F972}.ReleaseAndroid9.0|iPhoneSimulator.Build.0 = Release|iPhoneSimulator
		{480E2C62-C51B-4031-A73B-E4A0F746F972}.ReleaseAndroid9.0|iPhoneSimulator.Deploy.0 = Release|iPhoneSimulator
		{480E2C62-C51B-4031-A73B-E4A0F746F972}.ReleaseAndroid9.0|x64.ActiveCfg = Release|iPhoneSimulator
		{480E2C62-C51B-4031-A73B-E4A0F746F972}.ReleaseAndroid9.0|x64.Build.0 = Release|iPhoneSimulator
		{480E2C62-C51B-4031-A73B-E4A0F746F972}.ReleaseAndroid9.0|x64.Deploy.0 = Release|iPhoneSimulator
		{480E2C62-C51B-4031-A73B-E4A0F746F972}.ReleaseAndroid9.0|x86.ActiveCfg = Release|iPhoneSimulator
		{480E2C62-C51B-4031-A73B-E4A0F746F972}.ReleaseAndroid9.0|x86.Build.0 = Release|iPhoneSimulator
		{480E2C62-C51B-4031-A73B-E4A0F746F972}.ReleaseAndroid9.0|x86.Deploy.0 = Release|iPhoneSimulator
		{4A4B357C-63C2-4572-B25F-0CE9391B6766}.Debug|Any CPU.ActiveCfg = Debug|Any CPU
		{4A4B357C-63C2-4572-B25F-0CE9391B6766}.Debug|Any CPU.Build.0 = Debug|Any CPU
		{4A4B357C-63C2-4572-B25F-0CE9391B6766}.Debug|Any CPU.Deploy.0 = Debug|Any CPU
		{4A4B357C-63C2-4572-B25F-0CE9391B6766}.Debug|ARM.ActiveCfg = Debug|Any CPU
		{4A4B357C-63C2-4572-B25F-0CE9391B6766}.Debug|ARM.Build.0 = Debug|Any CPU
		{4A4B357C-63C2-4572-B25F-0CE9391B6766}.Debug|ARM64.ActiveCfg = Debug|Any CPU
		{4A4B357C-63C2-4572-B25F-0CE9391B6766}.Debug|ARM64.Build.0 = Debug|Any CPU
		{4A4B357C-63C2-4572-B25F-0CE9391B6766}.Debug|iPhone.ActiveCfg = Debug|Any CPU
		{4A4B357C-63C2-4572-B25F-0CE9391B6766}.Debug|iPhone.Build.0 = Debug|Any CPU
		{4A4B357C-63C2-4572-B25F-0CE9391B6766}.Debug|iPhone.Deploy.0 = Debug|Any CPU
		{4A4B357C-63C2-4572-B25F-0CE9391B6766}.Debug|iPhoneSimulator.ActiveCfg = Debug|Any CPU
		{4A4B357C-63C2-4572-B25F-0CE9391B6766}.Debug|iPhoneSimulator.Build.0 = Debug|Any CPU
		{4A4B357C-63C2-4572-B25F-0CE9391B6766}.Debug|iPhoneSimulator.Deploy.0 = Debug|Any CPU
		{4A4B357C-63C2-4572-B25F-0CE9391B6766}.Debug|x64.ActiveCfg = Debug|Any CPU
		{4A4B357C-63C2-4572-B25F-0CE9391B6766}.Debug|x64.Build.0 = Debug|Any CPU
		{4A4B357C-63C2-4572-B25F-0CE9391B6766}.Debug|x86.ActiveCfg = Debug|Any CPU
		{4A4B357C-63C2-4572-B25F-0CE9391B6766}.Debug|x86.Build.0 = Debug|Any CPU
		{4A4B357C-63C2-4572-B25F-0CE9391B6766}.Release|Any CPU.ActiveCfg = Release|Any CPU
		{4A4B357C-63C2-4572-B25F-0CE9391B6766}.Release|Any CPU.Build.0 = Release|Any CPU
		{4A4B357C-63C2-4572-B25F-0CE9391B6766}.Release|Any CPU.Deploy.0 = Release|Any CPU
		{4A4B357C-63C2-4572-B25F-0CE9391B6766}.Release|ARM.ActiveCfg = Release|Any CPU
		{4A4B357C-63C2-4572-B25F-0CE9391B6766}.Release|ARM.Build.0 = Release|Any CPU
		{4A4B357C-63C2-4572-B25F-0CE9391B6766}.Release|ARM64.ActiveCfg = Release|Any CPU
		{4A4B357C-63C2-4572-B25F-0CE9391B6766}.Release|ARM64.Build.0 = Release|Any CPU
		{4A4B357C-63C2-4572-B25F-0CE9391B6766}.Release|iPhone.ActiveCfg = Release|Any CPU
		{4A4B357C-63C2-4572-B25F-0CE9391B6766}.Release|iPhone.Build.0 = Release|Any CPU
		{4A4B357C-63C2-4572-B25F-0CE9391B6766}.Release|iPhone.Deploy.0 = Release|Any CPU
		{4A4B357C-63C2-4572-B25F-0CE9391B6766}.Release|iPhoneSimulator.ActiveCfg = Release|Any CPU
		{4A4B357C-63C2-4572-B25F-0CE9391B6766}.Release|iPhoneSimulator.Build.0 = Release|Any CPU
		{4A4B357C-63C2-4572-B25F-0CE9391B6766}.Release|iPhoneSimulator.Deploy.0 = Release|Any CPU
		{4A4B357C-63C2-4572-B25F-0CE9391B6766}.Release|x64.ActiveCfg = Release|Any CPU
		{4A4B357C-63C2-4572-B25F-0CE9391B6766}.Release|x64.Build.0 = Release|Any CPU
		{4A4B357C-63C2-4572-B25F-0CE9391B6766}.Release|x86.ActiveCfg = Release|Any CPU
		{4A4B357C-63C2-4572-B25F-0CE9391B6766}.Release|x86.Build.0 = Release|Any CPU
		{4A4B357C-63C2-4572-B25F-0CE9391B6766}.ReleaseAndroid9.0|Any CPU.ActiveCfg = Release|Any CPU
		{4A4B357C-63C2-4572-B25F-0CE9391B6766}.ReleaseAndroid9.0|Any CPU.Build.0 = Release|Any CPU
		{4A4B357C-63C2-4572-B25F-0CE9391B6766}.ReleaseAndroid9.0|ARM.ActiveCfg = Release|Any CPU
		{4A4B357C-63C2-4572-B25F-0CE9391B6766}.ReleaseAndroid9.0|ARM.Build.0 = Release|Any CPU
		{4A4B357C-63C2-4572-B25F-0CE9391B6766}.ReleaseAndroid9.0|ARM64.ActiveCfg = Release|Any CPU
		{4A4B357C-63C2-4572-B25F-0CE9391B6766}.ReleaseAndroid9.0|ARM64.Build.0 = Release|Any CPU
		{4A4B357C-63C2-4572-B25F-0CE9391B6766}.ReleaseAndroid9.0|iPhone.ActiveCfg = Release|Any CPU
		{4A4B357C-63C2-4572-B25F-0CE9391B6766}.ReleaseAndroid9.0|iPhone.Build.0 = Release|Any CPU
		{4A4B357C-63C2-4572-B25F-0CE9391B6766}.ReleaseAndroid9.0|iPhoneSimulator.ActiveCfg = Release|Any CPU
		{4A4B357C-63C2-4572-B25F-0CE9391B6766}.ReleaseAndroid9.0|iPhoneSimulator.Build.0 = Release|Any CPU
		{4A4B357C-63C2-4572-B25F-0CE9391B6766}.ReleaseAndroid9.0|x64.ActiveCfg = Release|Any CPU
		{4A4B357C-63C2-4572-B25F-0CE9391B6766}.ReleaseAndroid9.0|x64.Build.0 = Release|Any CPU
		{4A4B357C-63C2-4572-B25F-0CE9391B6766}.ReleaseAndroid9.0|x86.ActiveCfg = Release|Any CPU
		{4A4B357C-63C2-4572-B25F-0CE9391B6766}.ReleaseAndroid9.0|x86.Build.0 = Release|Any CPU
		{3D3B737E-06E6-4A77-8A3B-789837CE2D11}.Debug|Any CPU.ActiveCfg = Debug|x86
		{3D3B737E-06E6-4A77-8A3B-789837CE2D11}.Debug|ARM.ActiveCfg = Debug|ARM
		{3D3B737E-06E6-4A77-8A3B-789837CE2D11}.Debug|ARM.Build.0 = Debug|ARM
		{3D3B737E-06E6-4A77-8A3B-789837CE2D11}.Debug|ARM.Deploy.0 = Debug|ARM
		{3D3B737E-06E6-4A77-8A3B-789837CE2D11}.Debug|ARM64.ActiveCfg = Debug|ARM64
		{3D3B737E-06E6-4A77-8A3B-789837CE2D11}.Debug|ARM64.Build.0 = Debug|ARM64
		{3D3B737E-06E6-4A77-8A3B-789837CE2D11}.Debug|ARM64.Deploy.0 = Debug|ARM64
		{3D3B737E-06E6-4A77-8A3B-789837CE2D11}.Debug|iPhone.ActiveCfg = Debug|x86
		{3D3B737E-06E6-4A77-8A3B-789837CE2D11}.Debug|iPhoneSimulator.ActiveCfg = Debug|x86
		{3D3B737E-06E6-4A77-8A3B-789837CE2D11}.Debug|x64.ActiveCfg = Debug|x64
		{3D3B737E-06E6-4A77-8A3B-789837CE2D11}.Debug|x64.Build.0 = Debug|x64
		{3D3B737E-06E6-4A77-8A3B-789837CE2D11}.Debug|x64.Deploy.0 = Debug|x64
		{3D3B737E-06E6-4A77-8A3B-789837CE2D11}.Debug|x86.ActiveCfg = Debug|x86
		{3D3B737E-06E6-4A77-8A3B-789837CE2D11}.Debug|x86.Build.0 = Debug|x86
		{3D3B737E-06E6-4A77-8A3B-789837CE2D11}.Debug|x86.Deploy.0 = Debug|x86
		{3D3B737E-06E6-4A77-8A3B-789837CE2D11}.Release|Any CPU.ActiveCfg = Release|x86
		{3D3B737E-06E6-4A77-8A3B-789837CE2D11}.Release|ARM.ActiveCfg = Release|ARM
		{3D3B737E-06E6-4A77-8A3B-789837CE2D11}.Release|ARM.Build.0 = Release|ARM
		{3D3B737E-06E6-4A77-8A3B-789837CE2D11}.Release|ARM.Deploy.0 = Release|ARM
		{3D3B737E-06E6-4A77-8A3B-789837CE2D11}.Release|ARM64.ActiveCfg = Release|ARM64
		{3D3B737E-06E6-4A77-8A3B-789837CE2D11}.Release|ARM64.Build.0 = Release|ARM64
		{3D3B737E-06E6-4A77-8A3B-789837CE2D11}.Release|ARM64.Deploy.0 = Release|ARM64
		{3D3B737E-06E6-4A77-8A3B-789837CE2D11}.Release|iPhone.ActiveCfg = Release|x86
		{3D3B737E-06E6-4A77-8A3B-789837CE2D11}.Release|iPhoneSimulator.ActiveCfg = Release|x86
		{3D3B737E-06E6-4A77-8A3B-789837CE2D11}.Release|x64.ActiveCfg = Release|x64
		{3D3B737E-06E6-4A77-8A3B-789837CE2D11}.Release|x64.Build.0 = Release|x64
		{3D3B737E-06E6-4A77-8A3B-789837CE2D11}.Release|x64.Deploy.0 = Release|x64
		{3D3B737E-06E6-4A77-8A3B-789837CE2D11}.Release|x86.ActiveCfg = Release|x86
		{3D3B737E-06E6-4A77-8A3B-789837CE2D11}.Release|x86.Build.0 = Release|x86
		{3D3B737E-06E6-4A77-8A3B-789837CE2D11}.Release|x86.Deploy.0 = Release|x86
		{3D3B737E-06E6-4A77-8A3B-789837CE2D11}.ReleaseAndroid9.0|Any CPU.ActiveCfg = Release|x64
		{3D3B737E-06E6-4A77-8A3B-789837CE2D11}.ReleaseAndroid9.0|Any CPU.Build.0 = Release|x64
		{3D3B737E-06E6-4A77-8A3B-789837CE2D11}.ReleaseAndroid9.0|Any CPU.Deploy.0 = Release|x64
		{3D3B737E-06E6-4A77-8A3B-789837CE2D11}.ReleaseAndroid9.0|ARM.ActiveCfg = Release|ARM
		{3D3B737E-06E6-4A77-8A3B-789837CE2D11}.ReleaseAndroid9.0|ARM.Build.0 = Release|ARM
		{3D3B737E-06E6-4A77-8A3B-789837CE2D11}.ReleaseAndroid9.0|ARM.Deploy.0 = Release|ARM
		{3D3B737E-06E6-4A77-8A3B-789837CE2D11}.ReleaseAndroid9.0|ARM64.ActiveCfg = Release|ARM64
		{3D3B737E-06E6-4A77-8A3B-789837CE2D11}.ReleaseAndroid9.0|ARM64.Build.0 = Release|ARM64
		{3D3B737E-06E6-4A77-8A3B-789837CE2D11}.ReleaseAndroid9.0|ARM64.Deploy.0 = Release|ARM64
		{3D3B737E-06E6-4A77-8A3B-789837CE2D11}.ReleaseAndroid9.0|iPhone.ActiveCfg = Release|x64
		{3D3B737E-06E6-4A77-8A3B-789837CE2D11}.ReleaseAndroid9.0|iPhone.Build.0 = Release|x64
		{3D3B737E-06E6-4A77-8A3B-789837CE2D11}.ReleaseAndroid9.0|iPhone.Deploy.0 = Release|x64
		{3D3B737E-06E6-4A77-8A3B-789837CE2D11}.ReleaseAndroid9.0|iPhoneSimulator.ActiveCfg = Release|x64
		{3D3B737E-06E6-4A77-8A3B-789837CE2D11}.ReleaseAndroid9.0|iPhoneSimulator.Build.0 = Release|x64
		{3D3B737E-06E6-4A77-8A3B-789837CE2D11}.ReleaseAndroid9.0|iPhoneSimulator.Deploy.0 = Release|x64
		{3D3B737E-06E6-4A77-8A3B-789837CE2D11}.ReleaseAndroid9.0|x64.ActiveCfg = Release|x64
		{3D3B737E-06E6-4A77-8A3B-789837CE2D11}.ReleaseAndroid9.0|x64.Build.0 = Release|x64
		{3D3B737E-06E6-4A77-8A3B-789837CE2D11}.ReleaseAndroid9.0|x64.Deploy.0 = Release|x64
		{3D3B737E-06E6-4A77-8A3B-789837CE2D11}.ReleaseAndroid9.0|x86.ActiveCfg = Release|x86
		{3D3B737E-06E6-4A77-8A3B-789837CE2D11}.ReleaseAndroid9.0|x86.Build.0 = Release|x86
		{3D3B737E-06E6-4A77-8A3B-789837CE2D11}.ReleaseAndroid9.0|x86.Deploy.0 = Release|x86
		{793936A7-04DD-4C8F-A8C1-524CF432C905}.Debug|Any CPU.ActiveCfg = Debug|Any CPU
		{793936A7-04DD-4C8F-A8C1-524CF432C905}.Debug|Any CPU.Build.0 = Debug|Any CPU
		{793936A7-04DD-4C8F-A8C1-524CF432C905}.Debug|ARM.ActiveCfg = Debug|Any CPU
		{793936A7-04DD-4C8F-A8C1-524CF432C905}.Debug|ARM.Build.0 = Debug|Any CPU
		{793936A7-04DD-4C8F-A8C1-524CF432C905}.Debug|ARM64.ActiveCfg = Debug|Any CPU
		{793936A7-04DD-4C8F-A8C1-524CF432C905}.Debug|ARM64.Build.0 = Debug|Any CPU
		{793936A7-04DD-4C8F-A8C1-524CF432C905}.Debug|iPhone.ActiveCfg = Debug|Any CPU
		{793936A7-04DD-4C8F-A8C1-524CF432C905}.Debug|iPhone.Build.0 = Debug|Any CPU
		{793936A7-04DD-4C8F-A8C1-524CF432C905}.Debug|iPhoneSimulator.ActiveCfg = Debug|Any CPU
		{793936A7-04DD-4C8F-A8C1-524CF432C905}.Debug|iPhoneSimulator.Build.0 = Debug|Any CPU
		{793936A7-04DD-4C8F-A8C1-524CF432C905}.Debug|x64.ActiveCfg = Debug|Any CPU
		{793936A7-04DD-4C8F-A8C1-524CF432C905}.Debug|x64.Build.0 = Debug|Any CPU
		{793936A7-04DD-4C8F-A8C1-524CF432C905}.Debug|x86.ActiveCfg = Debug|Any CPU
		{793936A7-04DD-4C8F-A8C1-524CF432C905}.Debug|x86.Build.0 = Debug|Any CPU
		{793936A7-04DD-4C8F-A8C1-524CF432C905}.Release|Any CPU.ActiveCfg = Release|Any CPU
		{793936A7-04DD-4C8F-A8C1-524CF432C905}.Release|Any CPU.Build.0 = Release|Any CPU
		{793936A7-04DD-4C8F-A8C1-524CF432C905}.Release|ARM.ActiveCfg = Release|Any CPU
		{793936A7-04DD-4C8F-A8C1-524CF432C905}.Release|ARM.Build.0 = Release|Any CPU
		{793936A7-04DD-4C8F-A8C1-524CF432C905}.Release|ARM64.ActiveCfg = Release|Any CPU
		{793936A7-04DD-4C8F-A8C1-524CF432C905}.Release|ARM64.Build.0 = Release|Any CPU
		{793936A7-04DD-4C8F-A8C1-524CF432C905}.Release|iPhone.ActiveCfg = Release|Any CPU
		{793936A7-04DD-4C8F-A8C1-524CF432C905}.Release|iPhone.Build.0 = Release|Any CPU
		{793936A7-04DD-4C8F-A8C1-524CF432C905}.Release|iPhoneSimulator.ActiveCfg = Release|Any CPU
		{793936A7-04DD-4C8F-A8C1-524CF432C905}.Release|iPhoneSimulator.Build.0 = Release|Any CPU
		{793936A7-04DD-4C8F-A8C1-524CF432C905}.Release|x64.ActiveCfg = Release|Any CPU
		{793936A7-04DD-4C8F-A8C1-524CF432C905}.Release|x64.Build.0 = Release|Any CPU
		{793936A7-04DD-4C8F-A8C1-524CF432C905}.Release|x86.ActiveCfg = Release|Any CPU
		{793936A7-04DD-4C8F-A8C1-524CF432C905}.Release|x86.Build.0 = Release|Any CPU
		{793936A7-04DD-4C8F-A8C1-524CF432C905}.ReleaseAndroid9.0|Any CPU.ActiveCfg = Release|Any CPU
		{793936A7-04DD-4C8F-A8C1-524CF432C905}.ReleaseAndroid9.0|Any CPU.Build.0 = Release|Any CPU
		{793936A7-04DD-4C8F-A8C1-524CF432C905}.ReleaseAndroid9.0|ARM.ActiveCfg = Release|Any CPU
		{793936A7-04DD-4C8F-A8C1-524CF432C905}.ReleaseAndroid9.0|ARM.Build.0 = Release|Any CPU
		{793936A7-04DD-4C8F-A8C1-524CF432C905}.ReleaseAndroid9.0|ARM64.ActiveCfg = Release|Any CPU
		{793936A7-04DD-4C8F-A8C1-524CF432C905}.ReleaseAndroid9.0|ARM64.Build.0 = Release|Any CPU
		{793936A7-04DD-4C8F-A8C1-524CF432C905}.ReleaseAndroid9.0|iPhone.ActiveCfg = Release|Any CPU
		{793936A7-04DD-4C8F-A8C1-524CF432C905}.ReleaseAndroid9.0|iPhone.Build.0 = Release|Any CPU
		{793936A7-04DD-4C8F-A8C1-524CF432C905}.ReleaseAndroid9.0|iPhoneSimulator.ActiveCfg = Release|Any CPU
		{793936A7-04DD-4C8F-A8C1-524CF432C905}.ReleaseAndroid9.0|iPhoneSimulator.Build.0 = Release|Any CPU
		{793936A7-04DD-4C8F-A8C1-524CF432C905}.ReleaseAndroid9.0|x64.ActiveCfg = Release|Any CPU
		{793936A7-04DD-4C8F-A8C1-524CF432C905}.ReleaseAndroid9.0|x64.Build.0 = Release|Any CPU
		{793936A7-04DD-4C8F-A8C1-524CF432C905}.ReleaseAndroid9.0|x86.ActiveCfg = Release|Any CPU
		{793936A7-04DD-4C8F-A8C1-524CF432C905}.ReleaseAndroid9.0|x86.Build.0 = Release|Any CPU
		{8E7D6AB7-BE12-4C49-A8DC-71E8821CA7C0}.Debug|Any CPU.ActiveCfg = Debug|Any CPU
		{8E7D6AB7-BE12-4C49-A8DC-71E8821CA7C0}.Debug|Any CPU.Build.0 = Debug|Any CPU
		{8E7D6AB7-BE12-4C49-A8DC-71E8821CA7C0}.Debug|ARM.ActiveCfg = Debug|Any CPU
		{8E7D6AB7-BE12-4C49-A8DC-71E8821CA7C0}.Debug|ARM.Build.0 = Debug|Any CPU
		{8E7D6AB7-BE12-4C49-A8DC-71E8821CA7C0}.Debug|ARM64.ActiveCfg = Debug|Any CPU
		{8E7D6AB7-BE12-4C49-A8DC-71E8821CA7C0}.Debug|ARM64.Build.0 = Debug|Any CPU
		{8E7D6AB7-BE12-4C49-A8DC-71E8821CA7C0}.Debug|iPhone.ActiveCfg = Debug|Any CPU
		{8E7D6AB7-BE12-4C49-A8DC-71E8821CA7C0}.Debug|iPhone.Build.0 = Debug|Any CPU
		{8E7D6AB7-BE12-4C49-A8DC-71E8821CA7C0}.Debug|iPhoneSimulator.ActiveCfg = Debug|Any CPU
		{8E7D6AB7-BE12-4C49-A8DC-71E8821CA7C0}.Debug|iPhoneSimulator.Build.0 = Debug|Any CPU
		{8E7D6AB7-BE12-4C49-A8DC-71E8821CA7C0}.Debug|x64.ActiveCfg = Debug|Any CPU
		{8E7D6AB7-BE12-4C49-A8DC-71E8821CA7C0}.Debug|x64.Build.0 = Debug|Any CPU
		{8E7D6AB7-BE12-4C49-A8DC-71E8821CA7C0}.Debug|x86.ActiveCfg = Debug|Any CPU
		{8E7D6AB7-BE12-4C49-A8DC-71E8821CA7C0}.Debug|x86.Build.0 = Debug|Any CPU
		{8E7D6AB7-BE12-4C49-A8DC-71E8821CA7C0}.Release|Any CPU.ActiveCfg = Release|Any CPU
		{8E7D6AB7-BE12-4C49-A8DC-71E8821CA7C0}.Release|Any CPU.Build.0 = Release|Any CPU
		{8E7D6AB7-BE12-4C49-A8DC-71E8821CA7C0}.Release|ARM.ActiveCfg = Release|Any CPU
		{8E7D6AB7-BE12-4C49-A8DC-71E8821CA7C0}.Release|ARM.Build.0 = Release|Any CPU
		{8E7D6AB7-BE12-4C49-A8DC-71E8821CA7C0}.Release|ARM64.ActiveCfg = Release|Any CPU
		{8E7D6AB7-BE12-4C49-A8DC-71E8821CA7C0}.Release|ARM64.Build.0 = Release|Any CPU
		{8E7D6AB7-BE12-4C49-A8DC-71E8821CA7C0}.Release|iPhone.ActiveCfg = Release|Any CPU
		{8E7D6AB7-BE12-4C49-A8DC-71E8821CA7C0}.Release|iPhone.Build.0 = Release|Any CPU
		{8E7D6AB7-BE12-4C49-A8DC-71E8821CA7C0}.Release|iPhoneSimulator.ActiveCfg = Release|Any CPU
		{8E7D6AB7-BE12-4C49-A8DC-71E8821CA7C0}.Release|iPhoneSimulator.Build.0 = Release|Any CPU
		{8E7D6AB7-BE12-4C49-A8DC-71E8821CA7C0}.Release|x64.ActiveCfg = Release|Any CPU
		{8E7D6AB7-BE12-4C49-A8DC-71E8821CA7C0}.Release|x64.Build.0 = Release|Any CPU
		{8E7D6AB7-BE12-4C49-A8DC-71E8821CA7C0}.Release|x86.ActiveCfg = Release|Any CPU
		{8E7D6AB7-BE12-4C49-A8DC-71E8821CA7C0}.Release|x86.Build.0 = Release|Any CPU
		{8E7D6AB7-BE12-4C49-A8DC-71E8821CA7C0}.ReleaseAndroid9.0|Any CPU.ActiveCfg = Release|Any CPU
		{8E7D6AB7-BE12-4C49-A8DC-71E8821CA7C0}.ReleaseAndroid9.0|Any CPU.Build.0 = Release|Any CPU
		{8E7D6AB7-BE12-4C49-A8DC-71E8821CA7C0}.ReleaseAndroid9.0|ARM.ActiveCfg = Release|Any CPU
		{8E7D6AB7-BE12-4C49-A8DC-71E8821CA7C0}.ReleaseAndroid9.0|ARM.Build.0 = Release|Any CPU
		{8E7D6AB7-BE12-4C49-A8DC-71E8821CA7C0}.ReleaseAndroid9.0|ARM64.ActiveCfg = Release|Any CPU
		{8E7D6AB7-BE12-4C49-A8DC-71E8821CA7C0}.ReleaseAndroid9.0|ARM64.Build.0 = Release|Any CPU
		{8E7D6AB7-BE12-4C49-A8DC-71E8821CA7C0}.ReleaseAndroid9.0|iPhone.ActiveCfg = Release|Any CPU
		{8E7D6AB7-BE12-4C49-A8DC-71E8821CA7C0}.ReleaseAndroid9.0|iPhone.Build.0 = Release|Any CPU
		{8E7D6AB7-BE12-4C49-A8DC-71E8821CA7C0}.ReleaseAndroid9.0|iPhoneSimulator.ActiveCfg = Release|Any CPU
		{8E7D6AB7-BE12-4C49-A8DC-71E8821CA7C0}.ReleaseAndroid9.0|iPhoneSimulator.Build.0 = Release|Any CPU
		{8E7D6AB7-BE12-4C49-A8DC-71E8821CA7C0}.ReleaseAndroid9.0|x64.ActiveCfg = Release|Any CPU
		{8E7D6AB7-BE12-4C49-A8DC-71E8821CA7C0}.ReleaseAndroid9.0|x64.Build.0 = Release|Any CPU
		{8E7D6AB7-BE12-4C49-A8DC-71E8821CA7C0}.ReleaseAndroid9.0|x86.ActiveCfg = Release|Any CPU
		{8E7D6AB7-BE12-4C49-A8DC-71E8821CA7C0}.ReleaseAndroid9.0|x86.Build.0 = Release|Any CPU
		{794C7268-3BCA-483B-9ADB-E7D8E5DCDE89}.Debug|Any CPU.ActiveCfg = Debug|Any CPU
		{794C7268-3BCA-483B-9ADB-E7D8E5DCDE89}.Debug|Any CPU.Build.0 = Debug|Any CPU
		{794C7268-3BCA-483B-9ADB-E7D8E5DCDE89}.Debug|ARM.ActiveCfg = Debug|Any CPU
		{794C7268-3BCA-483B-9ADB-E7D8E5DCDE89}.Debug|ARM.Build.0 = Debug|Any CPU
		{794C7268-3BCA-483B-9ADB-E7D8E5DCDE89}.Debug|ARM64.ActiveCfg = Debug|Any CPU
		{794C7268-3BCA-483B-9ADB-E7D8E5DCDE89}.Debug|ARM64.Build.0 = Debug|Any CPU
		{794C7268-3BCA-483B-9ADB-E7D8E5DCDE89}.Debug|iPhone.ActiveCfg = Debug|Any CPU
		{794C7268-3BCA-483B-9ADB-E7D8E5DCDE89}.Debug|iPhone.Build.0 = Debug|Any CPU
		{794C7268-3BCA-483B-9ADB-E7D8E5DCDE89}.Debug|iPhoneSimulator.ActiveCfg = Debug|Any CPU
		{794C7268-3BCA-483B-9ADB-E7D8E5DCDE89}.Debug|iPhoneSimulator.Build.0 = Debug|Any CPU
		{794C7268-3BCA-483B-9ADB-E7D8E5DCDE89}.Debug|x64.ActiveCfg = Debug|Any CPU
		{794C7268-3BCA-483B-9ADB-E7D8E5DCDE89}.Debug|x64.Build.0 = Debug|Any CPU
		{794C7268-3BCA-483B-9ADB-E7D8E5DCDE89}.Debug|x86.ActiveCfg = Debug|Any CPU
		{794C7268-3BCA-483B-9ADB-E7D8E5DCDE89}.Debug|x86.Build.0 = Debug|Any CPU
		{794C7268-3BCA-483B-9ADB-E7D8E5DCDE89}.Release|Any CPU.ActiveCfg = Release|Any CPU
		{794C7268-3BCA-483B-9ADB-E7D8E5DCDE89}.Release|Any CPU.Build.0 = Release|Any CPU
		{794C7268-3BCA-483B-9ADB-E7D8E5DCDE89}.Release|ARM.ActiveCfg = Release|Any CPU
		{794C7268-3BCA-483B-9ADB-E7D8E5DCDE89}.Release|ARM.Build.0 = Release|Any CPU
		{794C7268-3BCA-483B-9ADB-E7D8E5DCDE89}.Release|ARM64.ActiveCfg = Release|Any CPU
		{794C7268-3BCA-483B-9ADB-E7D8E5DCDE89}.Release|ARM64.Build.0 = Release|Any CPU
		{794C7268-3BCA-483B-9ADB-E7D8E5DCDE89}.Release|iPhone.ActiveCfg = Release|Any CPU
		{794C7268-3BCA-483B-9ADB-E7D8E5DCDE89}.Release|iPhone.Build.0 = Release|Any CPU
		{794C7268-3BCA-483B-9ADB-E7D8E5DCDE89}.Release|iPhoneSimulator.ActiveCfg = Release|Any CPU
		{794C7268-3BCA-483B-9ADB-E7D8E5DCDE89}.Release|iPhoneSimulator.Build.0 = Release|Any CPU
		{794C7268-3BCA-483B-9ADB-E7D8E5DCDE89}.Release|x64.ActiveCfg = Release|Any CPU
		{794C7268-3BCA-483B-9ADB-E7D8E5DCDE89}.Release|x64.Build.0 = Release|Any CPU
		{794C7268-3BCA-483B-9ADB-E7D8E5DCDE89}.Release|x86.ActiveCfg = Release|Any CPU
		{794C7268-3BCA-483B-9ADB-E7D8E5DCDE89}.Release|x86.Build.0 = Release|Any CPU
		{794C7268-3BCA-483B-9ADB-E7D8E5DCDE89}.ReleaseAndroid9.0|Any CPU.ActiveCfg = Release|Any CPU
		{794C7268-3BCA-483B-9ADB-E7D8E5DCDE89}.ReleaseAndroid9.0|Any CPU.Build.0 = Release|Any CPU
		{794C7268-3BCA-483B-9ADB-E7D8E5DCDE89}.ReleaseAndroid9.0|ARM.ActiveCfg = Release|Any CPU
		{794C7268-3BCA-483B-9ADB-E7D8E5DCDE89}.ReleaseAndroid9.0|ARM.Build.0 = Release|Any CPU
		{794C7268-3BCA-483B-9ADB-E7D8E5DCDE89}.ReleaseAndroid9.0|ARM64.ActiveCfg = Release|Any CPU
		{794C7268-3BCA-483B-9ADB-E7D8E5DCDE89}.ReleaseAndroid9.0|ARM64.Build.0 = Release|Any CPU
		{794C7268-3BCA-483B-9ADB-E7D8E5DCDE89}.ReleaseAndroid9.0|iPhone.ActiveCfg = Release|Any CPU
		{794C7268-3BCA-483B-9ADB-E7D8E5DCDE89}.ReleaseAndroid9.0|iPhone.Build.0 = Release|Any CPU
		{794C7268-3BCA-483B-9ADB-E7D8E5DCDE89}.ReleaseAndroid9.0|iPhoneSimulator.ActiveCfg = Release|Any CPU
		{794C7268-3BCA-483B-9ADB-E7D8E5DCDE89}.ReleaseAndroid9.0|iPhoneSimulator.Build.0 = Release|Any CPU
		{794C7268-3BCA-483B-9ADB-E7D8E5DCDE89}.ReleaseAndroid9.0|x64.ActiveCfg = Release|Any CPU
		{794C7268-3BCA-483B-9ADB-E7D8E5DCDE89}.ReleaseAndroid9.0|x64.Build.0 = Release|Any CPU
		{794C7268-3BCA-483B-9ADB-E7D8E5DCDE89}.ReleaseAndroid9.0|x86.ActiveCfg = Release|Any CPU
		{794C7268-3BCA-483B-9ADB-E7D8E5DCDE89}.ReleaseAndroid9.0|x86.Build.0 = Release|Any CPU
		{29D88300-91B0-4EAD-AA6F-5B7D13E375F6}.Debug|Any CPU.ActiveCfg = Debug|Any CPU
		{29D88300-91B0-4EAD-AA6F-5B7D13E375F6}.Debug|Any CPU.Build.0 = Debug|Any CPU
		{29D88300-91B0-4EAD-AA6F-5B7D13E375F6}.Debug|ARM.ActiveCfg = Debug|ARM
		{29D88300-91B0-4EAD-AA6F-5B7D13E375F6}.Debug|ARM.Build.0 = Debug|ARM
		{29D88300-91B0-4EAD-AA6F-5B7D13E375F6}.Debug|ARM64.ActiveCfg = Debug|ARM64
		{29D88300-91B0-4EAD-AA6F-5B7D13E375F6}.Debug|ARM64.Build.0 = Debug|ARM64
		{29D88300-91B0-4EAD-AA6F-5B7D13E375F6}.Debug|iPhone.ActiveCfg = Debug|Any CPU
		{29D88300-91B0-4EAD-AA6F-5B7D13E375F6}.Debug|iPhone.Build.0 = Debug|Any CPU
		{29D88300-91B0-4EAD-AA6F-5B7D13E375F6}.Debug|iPhoneSimulator.ActiveCfg = Debug|Any CPU
		{29D88300-91B0-4EAD-AA6F-5B7D13E375F6}.Debug|iPhoneSimulator.Build.0 = Debug|Any CPU
		{29D88300-91B0-4EAD-AA6F-5B7D13E375F6}.Debug|x64.ActiveCfg = Debug|x64
		{29D88300-91B0-4EAD-AA6F-5B7D13E375F6}.Debug|x64.Build.0 = Debug|x64
		{29D88300-91B0-4EAD-AA6F-5B7D13E375F6}.Debug|x86.ActiveCfg = Debug|x86
		{29D88300-91B0-4EAD-AA6F-5B7D13E375F6}.Debug|x86.Build.0 = Debug|x86
		{29D88300-91B0-4EAD-AA6F-5B7D13E375F6}.Release|Any CPU.ActiveCfg = Release|Any CPU
		{29D88300-91B0-4EAD-AA6F-5B7D13E375F6}.Release|Any CPU.Build.0 = Release|Any CPU
		{29D88300-91B0-4EAD-AA6F-5B7D13E375F6}.Release|ARM.ActiveCfg = Release|ARM
		{29D88300-91B0-4EAD-AA6F-5B7D13E375F6}.Release|ARM.Build.0 = Release|ARM
		{29D88300-91B0-4EAD-AA6F-5B7D13E375F6}.Release|ARM64.ActiveCfg = Release|ARM64
		{29D88300-91B0-4EAD-AA6F-5B7D13E375F6}.Release|ARM64.Build.0 = Release|ARM64
		{29D88300-91B0-4EAD-AA6F-5B7D13E375F6}.Release|iPhone.ActiveCfg = Release|Any CPU
		{29D88300-91B0-4EAD-AA6F-5B7D13E375F6}.Release|iPhone.Build.0 = Release|Any CPU
		{29D88300-91B0-4EAD-AA6F-5B7D13E375F6}.Release|iPhoneSimulator.ActiveCfg = Release|Any CPU
		{29D88300-91B0-4EAD-AA6F-5B7D13E375F6}.Release|iPhoneSimulator.Build.0 = Release|Any CPU
		{29D88300-91B0-4EAD-AA6F-5B7D13E375F6}.Release|x64.ActiveCfg = Release|Any CPU
		{29D88300-91B0-4EAD-AA6F-5B7D13E375F6}.Release|x64.Build.0 = Release|Any CPU
		{29D88300-91B0-4EAD-AA6F-5B7D13E375F6}.Release|x86.ActiveCfg = Release|Any CPU
		{29D88300-91B0-4EAD-AA6F-5B7D13E375F6}.Release|x86.Build.0 = Release|Any CPU
		{29D88300-91B0-4EAD-AA6F-5B7D13E375F6}.ReleaseAndroid9.0|Any CPU.ActiveCfg = Release|Any CPU
		{29D88300-91B0-4EAD-AA6F-5B7D13E375F6}.ReleaseAndroid9.0|Any CPU.Build.0 = Release|Any CPU
		{29D88300-91B0-4EAD-AA6F-5B7D13E375F6}.ReleaseAndroid9.0|ARM.ActiveCfg = Release|ARM
		{29D88300-91B0-4EAD-AA6F-5B7D13E375F6}.ReleaseAndroid9.0|ARM.Build.0 = Release|ARM
		{29D88300-91B0-4EAD-AA6F-5B7D13E375F6}.ReleaseAndroid9.0|ARM64.ActiveCfg = Release|ARM64
		{29D88300-91B0-4EAD-AA6F-5B7D13E375F6}.ReleaseAndroid9.0|ARM64.Build.0 = Release|ARM64
		{29D88300-91B0-4EAD-AA6F-5B7D13E375F6}.ReleaseAndroid9.0|iPhone.ActiveCfg = Release|Any CPU
		{29D88300-91B0-4EAD-AA6F-5B7D13E375F6}.ReleaseAndroid9.0|iPhone.Build.0 = Release|Any CPU
		{29D88300-91B0-4EAD-AA6F-5B7D13E375F6}.ReleaseAndroid9.0|iPhoneSimulator.ActiveCfg = Release|Any CPU
		{29D88300-91B0-4EAD-AA6F-5B7D13E375F6}.ReleaseAndroid9.0|iPhoneSimulator.Build.0 = Release|Any CPU
		{29D88300-91B0-4EAD-AA6F-5B7D13E375F6}.ReleaseAndroid9.0|x64.ActiveCfg = Release|x64
		{29D88300-91B0-4EAD-AA6F-5B7D13E375F6}.ReleaseAndroid9.0|x64.Build.0 = Release|x64
		{29D88300-91B0-4EAD-AA6F-5B7D13E375F6}.ReleaseAndroid9.0|x86.ActiveCfg = Release|x86
		{29D88300-91B0-4EAD-AA6F-5B7D13E375F6}.ReleaseAndroid9.0|x86.Build.0 = Release|x86
		{30B95BF4-46F9-4D2A-A7C1-07EEFF85A9D5}.Debug|Any CPU.ActiveCfg = Debug|Any CPU
		{30B95BF4-46F9-4D2A-A7C1-07EEFF85A9D5}.Debug|Any CPU.Build.0 = Debug|Any CPU
		{30B95BF4-46F9-4D2A-A7C1-07EEFF85A9D5}.Debug|ARM.ActiveCfg = Debug|Any CPU
		{30B95BF4-46F9-4D2A-A7C1-07EEFF85A9D5}.Debug|ARM.Build.0 = Debug|Any CPU
		{30B95BF4-46F9-4D2A-A7C1-07EEFF85A9D5}.Debug|ARM64.ActiveCfg = Debug|Any CPU
		{30B95BF4-46F9-4D2A-A7C1-07EEFF85A9D5}.Debug|ARM64.Build.0 = Debug|Any CPU
		{30B95BF4-46F9-4D2A-A7C1-07EEFF85A9D5}.Debug|iPhone.ActiveCfg = Debug|Any CPU
		{30B95BF4-46F9-4D2A-A7C1-07EEFF85A9D5}.Debug|iPhone.Build.0 = Debug|Any CPU
		{30B95BF4-46F9-4D2A-A7C1-07EEFF85A9D5}.Debug|iPhoneSimulator.ActiveCfg = Debug|Any CPU
		{30B95BF4-46F9-4D2A-A7C1-07EEFF85A9D5}.Debug|iPhoneSimulator.Build.0 = Debug|Any CPU
		{30B95BF4-46F9-4D2A-A7C1-07EEFF85A9D5}.Debug|x64.ActiveCfg = Debug|Any CPU
		{30B95BF4-46F9-4D2A-A7C1-07EEFF85A9D5}.Debug|x64.Build.0 = Debug|Any CPU
		{30B95BF4-46F9-4D2A-A7C1-07EEFF85A9D5}.Debug|x86.ActiveCfg = Debug|Any CPU
		{30B95BF4-46F9-4D2A-A7C1-07EEFF85A9D5}.Debug|x86.Build.0 = Debug|Any CPU
		{30B95BF4-46F9-4D2A-A7C1-07EEFF85A9D5}.Release|Any CPU.ActiveCfg = Release|Any CPU
		{30B95BF4-46F9-4D2A-A7C1-07EEFF85A9D5}.Release|Any CPU.Build.0 = Release|Any CPU
		{30B95BF4-46F9-4D2A-A7C1-07EEFF85A9D5}.Release|ARM.ActiveCfg = Release|Any CPU
		{30B95BF4-46F9-4D2A-A7C1-07EEFF85A9D5}.Release|ARM.Build.0 = Release|Any CPU
		{30B95BF4-46F9-4D2A-A7C1-07EEFF85A9D5}.Release|ARM64.ActiveCfg = Release|Any CPU
		{30B95BF4-46F9-4D2A-A7C1-07EEFF85A9D5}.Release|ARM64.Build.0 = Release|Any CPU
		{30B95BF4-46F9-4D2A-A7C1-07EEFF85A9D5}.Release|iPhone.ActiveCfg = Release|Any CPU
		{30B95BF4-46F9-4D2A-A7C1-07EEFF85A9D5}.Release|iPhone.Build.0 = Release|Any CPU
		{30B95BF4-46F9-4D2A-A7C1-07EEFF85A9D5}.Release|iPhoneSimulator.ActiveCfg = Release|Any CPU
		{30B95BF4-46F9-4D2A-A7C1-07EEFF85A9D5}.Release|iPhoneSimulator.Build.0 = Release|Any CPU
		{30B95BF4-46F9-4D2A-A7C1-07EEFF85A9D5}.Release|x64.ActiveCfg = Release|Any CPU
		{30B95BF4-46F9-4D2A-A7C1-07EEFF85A9D5}.Release|x64.Build.0 = Release|Any CPU
		{30B95BF4-46F9-4D2A-A7C1-07EEFF85A9D5}.Release|x86.ActiveCfg = Release|Any CPU
		{30B95BF4-46F9-4D2A-A7C1-07EEFF85A9D5}.Release|x86.Build.0 = Release|Any CPU
		{30B95BF4-46F9-4D2A-A7C1-07EEFF85A9D5}.ReleaseAndroid9.0|Any CPU.ActiveCfg = Release|Any CPU
		{30B95BF4-46F9-4D2A-A7C1-07EEFF85A9D5}.ReleaseAndroid9.0|Any CPU.Build.0 = Release|Any CPU
		{30B95BF4-46F9-4D2A-A7C1-07EEFF85A9D5}.ReleaseAndroid9.0|ARM.ActiveCfg = Release|Any CPU
		{30B95BF4-46F9-4D2A-A7C1-07EEFF85A9D5}.ReleaseAndroid9.0|ARM.Build.0 = Release|Any CPU
		{30B95BF4-46F9-4D2A-A7C1-07EEFF85A9D5}.ReleaseAndroid9.0|ARM64.ActiveCfg = Release|Any CPU
		{30B95BF4-46F9-4D2A-A7C1-07EEFF85A9D5}.ReleaseAndroid9.0|ARM64.Build.0 = Release|Any CPU
		{30B95BF4-46F9-4D2A-A7C1-07EEFF85A9D5}.ReleaseAndroid9.0|iPhone.ActiveCfg = Release|Any CPU
		{30B95BF4-46F9-4D2A-A7C1-07EEFF85A9D5}.ReleaseAndroid9.0|iPhone.Build.0 = Release|Any CPU
		{30B95BF4-46F9-4D2A-A7C1-07EEFF85A9D5}.ReleaseAndroid9.0|iPhoneSimulator.ActiveCfg = Release|Any CPU
		{30B95BF4-46F9-4D2A-A7C1-07EEFF85A9D5}.ReleaseAndroid9.0|iPhoneSimulator.Build.0 = Release|Any CPU
		{30B95BF4-46F9-4D2A-A7C1-07EEFF85A9D5}.ReleaseAndroid9.0|x64.ActiveCfg = Release|Any CPU
		{30B95BF4-46F9-4D2A-A7C1-07EEFF85A9D5}.ReleaseAndroid9.0|x64.Build.0 = Release|Any CPU
		{30B95BF4-46F9-4D2A-A7C1-07EEFF85A9D5}.ReleaseAndroid9.0|x86.ActiveCfg = Release|Any CPU
		{30B95BF4-46F9-4D2A-A7C1-07EEFF85A9D5}.ReleaseAndroid9.0|x86.Build.0 = Release|Any CPU
		{D36CD9AC-B494-4147-8CD7-9FB21B752DB9}.Debug|Any CPU.ActiveCfg = Debug|Any CPU
		{D36CD9AC-B494-4147-8CD7-9FB21B752DB9}.Debug|Any CPU.Build.0 = Debug|Any CPU
		{D36CD9AC-B494-4147-8CD7-9FB21B752DB9}.Debug|ARM.ActiveCfg = Debug|Any CPU
		{D36CD9AC-B494-4147-8CD7-9FB21B752DB9}.Debug|ARM.Build.0 = Debug|Any CPU
		{D36CD9AC-B494-4147-8CD7-9FB21B752DB9}.Debug|ARM64.ActiveCfg = Debug|Any CPU
		{D36CD9AC-B494-4147-8CD7-9FB21B752DB9}.Debug|ARM64.Build.0 = Debug|Any CPU
		{D36CD9AC-B494-4147-8CD7-9FB21B752DB9}.Debug|iPhone.ActiveCfg = Debug|Any CPU
		{D36CD9AC-B494-4147-8CD7-9FB21B752DB9}.Debug|iPhone.Build.0 = Debug|Any CPU
		{D36CD9AC-B494-4147-8CD7-9FB21B752DB9}.Debug|iPhoneSimulator.ActiveCfg = Debug|Any CPU
		{D36CD9AC-B494-4147-8CD7-9FB21B752DB9}.Debug|iPhoneSimulator.Build.0 = Debug|Any CPU
		{D36CD9AC-B494-4147-8CD7-9FB21B752DB9}.Debug|x64.ActiveCfg = Debug|Any CPU
		{D36CD9AC-B494-4147-8CD7-9FB21B752DB9}.Debug|x64.Build.0 = Debug|Any CPU
		{D36CD9AC-B494-4147-8CD7-9FB21B752DB9}.Debug|x86.ActiveCfg = Debug|Any CPU
		{D36CD9AC-B494-4147-8CD7-9FB21B752DB9}.Debug|x86.Build.0 = Debug|Any CPU
		{D36CD9AC-B494-4147-8CD7-9FB21B752DB9}.Release|Any CPU.ActiveCfg = Release|Any CPU
		{D36CD9AC-B494-4147-8CD7-9FB21B752DB9}.Release|Any CPU.Build.0 = Release|Any CPU
		{D36CD9AC-B494-4147-8CD7-9FB21B752DB9}.Release|ARM.ActiveCfg = Release|Any CPU
		{D36CD9AC-B494-4147-8CD7-9FB21B752DB9}.Release|ARM.Build.0 = Release|Any CPU
		{D36CD9AC-B494-4147-8CD7-9FB21B752DB9}.Release|ARM64.ActiveCfg = Release|Any CPU
		{D36CD9AC-B494-4147-8CD7-9FB21B752DB9}.Release|ARM64.Build.0 = Release|Any CPU
		{D36CD9AC-B494-4147-8CD7-9FB21B752DB9}.Release|iPhone.ActiveCfg = Release|Any CPU
		{D36CD9AC-B494-4147-8CD7-9FB21B752DB9}.Release|iPhone.Build.0 = Release|Any CPU
		{D36CD9AC-B494-4147-8CD7-9FB21B752DB9}.Release|iPhoneSimulator.ActiveCfg = Release|Any CPU
		{D36CD9AC-B494-4147-8CD7-9FB21B752DB9}.Release|iPhoneSimulator.Build.0 = Release|Any CPU
		{D36CD9AC-B494-4147-8CD7-9FB21B752DB9}.Release|x64.ActiveCfg = Release|Any CPU
		{D36CD9AC-B494-4147-8CD7-9FB21B752DB9}.Release|x64.Build.0 = Release|Any CPU
		{D36CD9AC-B494-4147-8CD7-9FB21B752DB9}.Release|x86.ActiveCfg = Release|Any CPU
		{D36CD9AC-B494-4147-8CD7-9FB21B752DB9}.Release|x86.Build.0 = Release|Any CPU
		{D36CD9AC-B494-4147-8CD7-9FB21B752DB9}.ReleaseAndroid9.0|Any CPU.ActiveCfg = Release|Any CPU
		{D36CD9AC-B494-4147-8CD7-9FB21B752DB9}.ReleaseAndroid9.0|Any CPU.Build.0 = Release|Any CPU
		{D36CD9AC-B494-4147-8CD7-9FB21B752DB9}.ReleaseAndroid9.0|ARM.ActiveCfg = Release|Any CPU
		{D36CD9AC-B494-4147-8CD7-9FB21B752DB9}.ReleaseAndroid9.0|ARM.Build.0 = Release|Any CPU
		{D36CD9AC-B494-4147-8CD7-9FB21B752DB9}.ReleaseAndroid9.0|ARM64.ActiveCfg = Release|Any CPU
		{D36CD9AC-B494-4147-8CD7-9FB21B752DB9}.ReleaseAndroid9.0|ARM64.Build.0 = Release|Any CPU
		{D36CD9AC-B494-4147-8CD7-9FB21B752DB9}.ReleaseAndroid9.0|iPhone.ActiveCfg = Release|Any CPU
		{D36CD9AC-B494-4147-8CD7-9FB21B752DB9}.ReleaseAndroid9.0|iPhone.Build.0 = Release|Any CPU
		{D36CD9AC-B494-4147-8CD7-9FB21B752DB9}.ReleaseAndroid9.0|iPhoneSimulator.ActiveCfg = Release|Any CPU
		{D36CD9AC-B494-4147-8CD7-9FB21B752DB9}.ReleaseAndroid9.0|iPhoneSimulator.Build.0 = Release|Any CPU
		{D36CD9AC-B494-4147-8CD7-9FB21B752DB9}.ReleaseAndroid9.0|x64.ActiveCfg = Release|Any CPU
		{D36CD9AC-B494-4147-8CD7-9FB21B752DB9}.ReleaseAndroid9.0|x64.Build.0 = Release|Any CPU
		{D36CD9AC-B494-4147-8CD7-9FB21B752DB9}.ReleaseAndroid9.0|x86.ActiveCfg = Release|Any CPU
		{D36CD9AC-B494-4147-8CD7-9FB21B752DB9}.ReleaseAndroid9.0|x86.Build.0 = Release|Any CPU
	EndGlobalSection
	GlobalSection(SolutionProperties) = preSolution
		HideSolutionNode = FALSE
	EndGlobalSection
	GlobalSection(NestedProjects) = preSolution
		{793936A7-04DD-4C8F-A8C1-524CF432C905} = {F9BDFA11-B51F-4518-867D-5546CF600FB5}
		{8E7D6AB7-BE12-4C49-A8DC-71E8821CA7C0} = {F9BDFA11-B51F-4518-867D-5546CF600FB5}
		{794C7268-3BCA-483B-9ADB-E7D8E5DCDE89} = {F9BDFA11-B51F-4518-867D-5546CF600FB5}
		{29D88300-91B0-4EAD-AA6F-5B7D13E375F6} = {F9BDFA11-B51F-4518-867D-5546CF600FB5}
		{3D7E0A15-5790-4E6E-A16D-63A2A7A54F6C} = {F9BDFA11-B51F-4518-867D-5546CF600FB5}
		{30B95BF4-46F9-4D2A-A7C1-07EEFF85A9D5} = {F9BDFA11-B51F-4518-867D-5546CF600FB5}
	EndGlobalSection
	GlobalSection(ExtensibilityGlobals) = postSolution
		SolutionGuid = {2B96919F-65A7-4C83-88B2-4BA76A25DE2B}
	EndGlobalSection
EndGlobal
