
Microsoft Visual Studio Solution File, Format Version 12.00
# Visual Studio Version 16
VisualStudioVersion = 16.0.30011.22
MinimumVisualStudioVersion = 10.0.40219.1
Project("{FAE04EC0-301F-11D3-BF4B-00C04F79EFBC}") = "Shadows.UWP", "Shadows.UWP\Shadows.UWP.csproj", "{29D88300-91B0-4EAD-AA6F-5B7D13E375F6}"
EndProject
Project("{9A19103F-16F7-4668-BE54-9A1E7A4F7556}") = "Shadows", "Shadows\Shadows.csproj", "{3E455961-1B47-4D52-99B1-79CA186E7F7B}"
EndProject
Project("{FAE04EC0-301F-11D3-BF4B-00C04F79EFBC}") = "Shadows.iOS", "Shadows.iOS\Shadows.iOS.csproj", "{794C7268-3BCA-483B-9ADB-E7D8E5DCDE89}"
EndProject
Project("{FAE04EC0-301F-11D3-BF4B-00C04F79EFBC}") = "Shadows.Droid", "Shadows.Droid\Shadows.Droid.csproj", "{8E7D6AB7-BE12-4C49-A8DC-71E8821CA7C0}"
EndProject
Project("{9A19103F-16F7-4668-BE54-9A1E7A4F7556}") = "Shadows.Tizen", "Shadows.Tizen\Shadows.Tizen.csproj", "{076087F5-4598-402A-9DD5-7D785192EB4C}"
EndProject
Project("{2150E333-8FDC-42A3-9474-1A3956D46DE8}") = "nuspec", "nuspec", "{B79B71CC-50AF-4329-A0FD-1E4B7F46751F}"
	ProjectSection(SolutionItems) = preProject
		AssemblyInfo.targets = AssemblyInfo.targets
		..\make-package.ps1 = ..\make-package.ps1
		..\Sharpnado.Shadows.nuspec = ..\Sharpnado.Shadows.nuspec
	EndProjectSection
EndProject
Global
	GlobalSection(SolutionConfigurationPlatforms) = preSolution
		Debug|Any CPU = Debug|Any CPU
		Debug|ARM = Debug|ARM
		Debug|ARM64 = Debug|ARM64
		Debug|x64 = Debug|x64
		Debug|x86 = Debug|x86
		Release|Any CPU = Release|Any CPU
		Release|ARM = Release|ARM
		Release|ARM64 = Release|ARM64
		Release|x64 = Release|x64
		Release|x86 = Release|x86
	EndGlobalSection
	GlobalSection(ProjectConfigurationPlatforms) = postSolution
		{29D88300-91B0-4EAD-AA6F-5B7D13E375F6}.Debug|Any CPU.ActiveCfg = Debug|x86
		{29D88300-91B0-4EAD-AA6F-5B7D13E375F6}.Debug|Any CPU.Build.0 = Debug|x86
		{29D88300-91B0-4EAD-AA6F-5B7D13E375F6}.Debug|ARM.ActiveCfg = Debug|ARM
		{29D88300-91B0-4EAD-AA6F-5B7D13E375F6}.Debug|ARM.Build.0 = Debug|ARM
		{29D88300-91B0-4EAD-AA6F-5B7D13E375F6}.Debug|ARM64.ActiveCfg = Debug|ARM64
		{29D88300-91B0-4EAD-AA6F-5B7D13E375F6}.Debug|ARM64.Build.0 = Debug|ARM64
		{29D88300-91B0-4EAD-AA6F-5B7D13E375F6}.Debug|x64.ActiveCfg = Debug|x64
		{29D88300-91B0-4EAD-AA6F-5B7D13E375F6}.Debug|x64.Build.0 = Debug|x64
		{29D88300-91B0-4EAD-AA6F-5B7D13E375F6}.Debug|x86.ActiveCfg = Debug|x86
		{29D88300-91B0-4EAD-AA6F-5B7D13E375F6}.Debug|x86.Build.0 = Debug|x86
		{29D88300-91B0-4EAD-AA6F-5B7D13E375F6}.Release|Any CPU.ActiveCfg = Release|Any CPU
		{29D88300-91B0-4EAD-AA6F-5B7D13E375F6}.Release|Any CPU.Build.0 = Release|Any CPU
		{29D88300-91B0-4EAD-AA6F-5B7D13E375F6}.Release|ARM.ActiveCfg = Release|ARM
		{29D88300-91B0-4EAD-AA6F-5B7D13E375F6}.Release|ARM.Build.0 = Release|ARM
		{29D88300-91B0-4EAD-AA6F-5B7D13E375F6}.Release|ARM64.ActiveCfg = Release|ARM64
		{29D88300-91B0-4EAD-AA6F-5B7D13E375F6}.Release|ARM64.Build.0 = Release|ARM64
		{29D88300-91B0-4EAD-AA6F-5B7D13E375F6}.Release|x64.ActiveCfg = Release|x64
		{29D88300-91B0-4EAD-AA6F-5B7D13E375F6}.Release|x64.Build.0 = Release|x64
		{29D88300-91B0-4EAD-AA6F-5B7D13E375F6}.Release|x86.ActiveCfg = Release|x86
		{29D88300-91B0-4EAD-AA6F-5B7D13E375F6}.Release|x86.Build.0 = Release|x86
		{3E455961-1B47-4D52-99B1-79CA186E7F7B}.Debug|Any CPU.ActiveCfg = Debug|Any CPU
		{3E455961-1B47-4D52-99B1-79CA186E7F7B}.Debug|Any CPU.Build.0 = Debug|Any CPU
		{3E455961-1B47-4D52-99B1-79CA186E7F7B}.Debug|ARM.ActiveCfg = Debug|Any CPU
		{3E455961-1B47-4D52-99B1-79CA186E7F7B}.Debug|ARM.Build.0 = Debug|Any CPU
		{3E455961-1B47-4D52-99B1-79CA186E7F7B}.Debug|ARM64.ActiveCfg = Debug|Any CPU
		{3E455961-1B47-4D52-99B1-79CA186E7F7B}.Debug|ARM64.Build.0 = Debug|Any CPU
		{3E455961-1B47-4D52-99B1-79CA186E7F7B}.Debug|x64.ActiveCfg = Debug|Any CPU
		{3E455961-1B47-4D52-99B1-79CA186E7F7B}.Debug|x64.Build.0 = Debug|Any CPU
		{3E455961-1B47-4D52-99B1-79CA186E7F7B}.Debug|x86.ActiveCfg = Debug|Any CPU
		{3E455961-1B47-4D52-99B1-79CA186E7F7B}.Debug|x86.Build.0 = Debug|Any CPU
		{3E455961-1B47-4D52-99B1-79CA186E7F7B}.Release|Any CPU.ActiveCfg = Release|Any CPU
		{3E455961-1B47-4D52-99B1-79CA186E7F7B}.Release|Any CPU.Build.0 = Release|Any CPU
		{3E455961-1B47-4D52-99B1-79CA186E7F7B}.Release|ARM.ActiveCfg = Release|Any CPU
		{3E455961-1B47-4D52-99B1-79CA186E7F7B}.Release|ARM.Build.0 = Release|Any CPU
		{3E455961-1B47-4D52-99B1-79CA186E7F7B}.Release|ARM64.ActiveCfg = Release|Any CPU
		{3E455961-1B47-4D52-99B1-79CA186E7F7B}.Release|ARM64.Build.0 = Release|Any CPU
		{3E455961-1B47-4D52-99B1-79CA186E7F7B}.Release|x64.ActiveCfg = Release|Any CPU
		{3E455961-1B47-4D52-99B1-79CA186E7F7B}.Release|x64.Build.0 = Release|Any CPU
		{3E455961-1B47-4D52-99B1-79CA186E7F7B}.Release|x86.ActiveCfg = Release|Any CPU
		{3E455961-1B47-4D52-99B1-79CA186E7F7B}.Release|x86.Build.0 = Release|Any CPU
		{794C7268-3BCA-483B-9ADB-E7D8E5DCDE89}.Debug|Any CPU.ActiveCfg = Debug|Any CPU
		{794C7268-3BCA-483B-9ADB-E7D8E5DCDE89}.Debug|Any CPU.Build.0 = Debug|Any CPU
		{794C7268-3BCA-483B-9ADB-E7D8E5DCDE89}.Debug|ARM.ActiveCfg = Debug|Any CPU
		{794C7268-3BCA-483B-9ADB-E7D8E5DCDE89}.Debug|ARM.Build.0 = Debug|Any CPU
		{794C7268-3BCA-483B-9ADB-E7D8E5DCDE89}.Debug|ARM64.ActiveCfg = Debug|Any CPU
		{794C7268-3BCA-483B-9ADB-E7D8E5DCDE89}.Debug|ARM64.Build.0 = Debug|Any CPU
		{794C7268-3BCA-483B-9ADB-E7D8E5DCDE89}.Debug|x64.ActiveCfg = Debug|Any CPU
		{794C7268-3BCA-483B-9ADB-E7D8E5DCDE89}.Debug|x64.Build.0 = Debug|Any CPU
		{794C7268-3BCA-483B-9ADB-E7D8E5DCDE89}.Debug|x86.ActiveCfg = Debug|Any CPU
		{794C7268-3BCA-483B-9ADB-E7D8E5DCDE89}.Debug|x86.Build.0 = Debug|Any CPU
		{794C7268-3BCA-483B-9ADB-E7D8E5DCDE89}.Release|Any CPU.ActiveCfg = Release|Any CPU
		{794C7268-3BCA-483B-9ADB-E7D8E5DCDE89}.Release|Any CPU.Build.0 = Release|Any CPU
		{794C7268-3BCA-483B-9ADB-E7D8E5DCDE89}.Release|ARM.ActiveCfg = Release|Any CPU
		{794C7268-3BCA-483B-9ADB-E7D8E5DCDE89}.Release|ARM.Build.0 = Release|Any CPU
		{794C7268-3BCA-483B-9ADB-E7D8E5DCDE89}.Release|ARM64.ActiveCfg = Release|Any CPU
		{794C7268-3BCA-483B-9ADB-E7D8E5DCDE89}.Release|ARM64.Build.0 = Release|Any CPU
		{794C7268-3BCA-483B-9ADB-E7D8E5DCDE89}.Release|x64.ActiveCfg = Release|Any CPU
		{794C7268-3BCA-483B-9ADB-E7D8E5DCDE89}.Release|x64.Build.0 = Release|Any CPU
		{794C7268-3BCA-483B-9ADB-E7D8E5DCDE89}.Release|x86.ActiveCfg = Release|Any CPU
		{794C7268-3BCA-483B-9ADB-E7D8E5DCDE89}.Release|x86.Build.0 = Release|Any CPU
		{8E7D6AB7-BE12-4C49-A8DC-71E8821CA7C0}.Debug|Any CPU.ActiveCfg = Debug|Any CPU
		{8E7D6AB7-BE12-4C49-A8DC-71E8821CA7C0}.Debug|Any CPU.Build.0 = Debug|Any CPU
		{8E7D6AB7-BE12-4C49-A8DC-71E8821CA7C0}.Debug|ARM.ActiveCfg = Debug|Any CPU
		{8E7D6AB7-BE12-4C49-A8DC-71E8821CA7C0}.Debug|ARM.Build.0 = Debug|Any CPU
		{8E7D6AB7-BE12-4C49-A8DC-71E8821CA7C0}.Debug|ARM64.ActiveCfg = Debug|Any CPU
		{8E7D6AB7-BE12-4C49-A8DC-71E8821CA7C0}.Debug|ARM64.Build.0 = Debug|Any CPU
		{8E7D6AB7-BE12-4C49-A8DC-71E8821CA7C0}.Debug|x64.ActiveCfg = Debug|Any CPU
		{8E7D6AB7-BE12-4C49-A8DC-71E8821CA7C0}.Debug|x64.Build.0 = Debug|Any CPU
		{8E7D6AB7-BE12-4C49-A8DC-71E8821CA7C0}.Debug|x86.ActiveCfg = Debug|Any CPU
		{8E7D6AB7-BE12-4C49-A8DC-71E8821CA7C0}.Debug|x86.Build.0 = Debug|Any CPU
		{8E7D6AB7-BE12-4C49-A8DC-71E8821CA7C0}.Release|Any CPU.ActiveCfg = Release|Any CPU
		{8E7D6AB7-BE12-4C49-A8DC-71E8821CA7C0}.Release|Any CPU.Build.0 = Release|Any CPU
		{8E7D6AB7-BE12-4C49-A8DC-71E8821CA7C0}.Release|ARM.ActiveCfg = Release|Any CPU
		{8E7D6AB7-BE12-4C49-A8DC-71E8821CA7C0}.Release|ARM.Build.0 = Release|Any CPU
		{8E7D6AB7-BE12-4C49-A8DC-71E8821CA7C0}.Release|ARM64.ActiveCfg = Release|Any CPU
		{8E7D6AB7-BE12-4C49-A8DC-71E8821CA7C0}.Release|ARM64.Build.0 = Release|Any CPU
		{8E7D6AB7-BE12-4C49-A8DC-71E8821CA7C0}.Release|x64.ActiveCfg = Release|Any CPU
		{8E7D6AB7-BE12-4C49-A8DC-71E8821CA7C0}.Release|x64.Build.0 = Release|Any CPU
		{8E7D6AB7-BE12-4C49-A8DC-71E8821CA7C0}.Release|x86.ActiveCfg = Release|Any CPU
		{8E7D6AB7-BE12-4C49-A8DC-71E8821CA7C0}.Release|x86.Build.0 = Release|Any CPU
		{076087F5-4598-402A-9DD5-7D785192EB4C}.Debug|Any CPU.ActiveCfg = Debug|Any CPU
		{076087F5-4598-402A-9DD5-7D785192EB4C}.Debug|Any CPU.Build.0 = Debug|Any CPU
		{076087F5-4598-402A-9DD5-7D785192EB4C}.Debug|ARM.ActiveCfg = Debug|Any CPU
		{076087F5-4598-402A-9DD5-7D785192EB4C}.Debug|ARM.Build.0 = Debug|Any CPU
		{076087F5-4598-402A-9DD5-7D785192EB4C}.Debug|ARM64.ActiveCfg = Debug|Any CPU
		{076087F5-4598-402A-9DD5-7D785192EB4C}.Debug|ARM64.Build.0 = Debug|Any CPU
		{076087F5-4598-402A-9DD5-7D785192EB4C}.Debug|x64.ActiveCfg = Debug|Any CPU
		{076087F5-4598-402A-9DD5-7D785192EB4C}.Debug|x64.Build.0 = Debug|Any CPU
		{076087F5-4598-402A-9DD5-7D785192EB4C}.Debug|x86.ActiveCfg = Debug|Any CPU
		{076087F5-4598-402A-9DD5-7D785192EB4C}.Debug|x86.Build.0 = Debug|Any CPU
		{076087F5-4598-402A-9DD5-7D785192EB4C}.Release|Any CPU.ActiveCfg = Release|Any CPU
		{076087F5-4598-402A-9DD5-7D785192EB4C}.Release|Any CPU.Build.0 = Release|Any CPU
		{076087F5-4598-402A-9DD5-7D785192EB4C}.Release|ARM.ActiveCfg = Release|Any CPU
		{076087F5-4598-402A-9DD5-7D785192EB4C}.Release|ARM.Build.0 = Release|Any CPU
		{076087F5-4598-402A-9DD5-7D785192EB4C}.Release|ARM64.ActiveCfg = Release|Any CPU
		{076087F5-4598-402A-9DD5-7D785192EB4C}.Release|ARM64.Build.0 = Release|Any CPU
		{076087F5-4598-402A-9DD5-7D785192EB4C}.Release|x64.ActiveCfg = Release|Any CPU
		{076087F5-4598-402A-9DD5-7D785192EB4C}.Release|x64.Build.0 = Release|Any CPU
		{076087F5-4598-402A-9DD5-7D785192EB4C}.Release|x86.ActiveCfg = Release|Any CPU
		{076087F5-4598-402A-9DD5-7D785192EB4C}.Release|x86.Build.0 = Release|Any CPU
	EndGlobalSection
	GlobalSection(SolutionProperties) = preSolution
		HideSolutionNode = FALSE
	EndGlobalSection
	GlobalSection(ExtensibilityGlobals) = postSolution
		SolutionGuid = {F76BF30C-652E-4F42-B41F-36110EE2A55C}
	EndGlobalSection
EndGlobal
